
Microsoft Visual Studio Solution File, Format Version 12.00
# Visual Studio Version 17
VisualStudioVersion = 17.9.34728.123
MinimumVisualStudioVersion = 10.0.40219.1
Project("{FAE04EC0-301F-11D3-BF4B-00C04F79EFBC}") = "ToDoTask.API", "ToDoTaskAPI\ToDoTask.API.csproj", "{0E66D386-8155-400F-AB06-EE57EBDB6D52}"
EndProject
Project("{FAE04EC0-301F-11D3-BF4B-00C04F79EFBC}") = "ToDoTask.Communication", "ToDoTask.Communication\ToDoTask.Communication.csproj", "{D67F46AB-8297-4C1F-A1B2-209F5292ED47}"
EndProject
Project("{FAE04EC0-301F-11D3-BF4B-00C04F79EFBC}") = "ToDoTask.Application", "Application\ToDoTask.Application.csproj", "{A2109E71-182A-4054-AE57-BA973DE8DD99}"
EndProject
Global
	GlobalSection(SolutionConfigurationPlatforms) = preSolution
		Debug|Any CPU = Debug|Any CPU
		Release|Any CPU = Release|Any CPU
	EndGlobalSection
	GlobalSection(ProjectConfigurationPlatforms) = postSolution
		{0E66D386-8155-400F-AB06-EE57EBDB6D52}.Debug|Any CPU.ActiveCfg = Debug|Any CPU
		{0E66D386-8155-400F-AB06-EE57EBDB6D52}.Debug|Any CPU.Build.0 = Debug|Any CPU
		{0E66D386-8155-400F-AB06-EE57EBDB6D52}.Release|Any CPU.ActiveCfg = Release|Any CPU
		{0E66D386-8155-400F-AB06-EE57EBDB6D52}.Release|Any CPU.Build.0 = Release|Any CPU
		{D67F46AB-8297-4C1F-A1B2-209F5292ED47}.Debug|Any CPU.ActiveCfg = Debug|Any CPU
		{D67F46AB-8297-4C1F-A1B2-209F5292ED47}.Debug|Any CPU.Build.0 = Debug|Any CPU
		{D67F46AB-8297-4C1F-A1B2-209F5292ED47}.Release|Any CPU.ActiveCfg = Release|Any CPU
		{D67F46AB-8297-4C1F-A1B2-209F5292ED47}.Release|Any CPU.Build.0 = Release|Any CPU
		{A2109E71-182A-4054-AE57-BA973DE8DD99}.Debug|Any CPU.ActiveCfg = Debug|Any CPU
		{A2109E71-182A-4054-AE57-BA973DE8DD99}.Debug|Any CPU.Build.0 = Debug|Any CPU
		{A2109E71-182A-4054-AE57-BA973DE8DD99}.Release|Any CPU.ActiveCfg = Release|Any CPU
		{A2109E71-182A-4054-AE57-BA973DE8DD99}.Release|Any CPU.Build.0 = Release|Any CPU
	EndGlobalSection
	GlobalSection(SolutionProperties) = preSolution
		HideSolutionNode = FALSE
	EndGlobalSection
	GlobalSection(ExtensibilityGlobals) = postSolution
		SolutionGuid = {A308AD68-DD87-4ECB-BECF-6C72D05E4467}
	EndGlobalSection
EndGlobal
